
Microsoft Visual Studio Solution File, Format Version 12.00
# Visual Studio Version 16
VisualStudioVersion = 16.0.36631.11
MinimumVisualStudioVersion = 10.0.40219.1
Project("{FAE04EC0-301F-11D3-BF4B-00C04F79EFBC}") = "hotelmngsystem", "hotelmngsystem\hotelmngsystem.csproj", "{343FE75A-B958-4B86-A4C2-5217E5CBD843}"
EndProject
Global
	GlobalSection(SolutionConfigurationPlatforms) = preSolution
		Debug|Any CPU = Debug|Any CPU
		Release|Any CPU = Release|Any CPU
	EndGlobalSection
	GlobalSection(ProjectConfigurationPlatforms) = postSolution
		{343FE75A-B958-4B86-A4C2-5217E5CBD843}.Debug|Any CPU.ActiveCfg = Debug|Any CPU
		{343FE75A-B958-4B86-A4C2-5217E5CBD843}.Debug|Any CPU.Build.0 = Debug|Any CPU
		{343FE75A-B958-4B86-A4C2-5217E5CBD843}.Release|Any CPU.ActiveCfg = Release|Any CPU
		{343FE75A-B958-4B86-A4C2-5217E5CBD843}.Release|Any CPU.Build.0 = Release|Any CPU
	EndGlobalSection
	GlobalSection(SolutionProperties) = preSolution
		HideSolutionNode = FALSE
	EndGlobalSection
	GlobalSection(ExtensibilityGlobals) = postSolution
		SolutionGuid = {FCB1B721-531A-466D-BEBD-9FF91390DCE6}
	EndGlobalSection
EndGlobal
